
Microsoft Visual Studio Solution File, Format Version 12.00
# Visual Studio Version 16
VisualStudioVersion = 16.0.32106.194
MinimumVisualStudioVersion = 10.0.40219.1
Project("{FAE04EC0-301F-11D3-BF4B-00C04F79EFBC}") = "BookExercise", "BookExercise\BookExercise.csproj", "{547A8B58-64A5-4D86-B2AA-437E575F54D8}"
EndProject
Project("{FAE04EC0-301F-11D3-BF4B-00C04F79EFBC}") = "CarExercise", "CarExercise\CarExercise.csproj", "{690C40C5-6C6F-41F7-AC3C-D800D5C96307}"
EndProject
Project("{FAE04EC0-301F-11D3-BF4B-00C04F79EFBC}") = "CompanyExercise", "CompanyExercise\CompanyExercise.csproj", "{2927D5AD-9750-47A6-8FC1-505F870165D7}"
EndProject
Project("{FAE04EC0-301F-11D3-BF4B-00C04F79EFBC}") = "EmployeeExercise", "EmployeeExercise\EmployeeExercise.csproj", "{E77504D9-8A85-40F8-B25E-F18A1B37EB79}"
EndProject
Project("{FAE04EC0-301F-11D3-BF4B-00C04F79EFBC}") = "BookAndAuthor", "BookAndAuthor\BookAndAuthor.csproj", "{E4651BCE-5825-41EE-B9D8-916109DCC547}"
EndProject
Project("{FAE04EC0-301F-11D3-BF4B-00C04F79EFBC}") = "Book", "Book\Book.csproj", "{05DBF4F8-644D-431D-91EA-8F5A73D3B273}"
EndProject
Project("{FAE04EC0-301F-11D3-BF4B-00C04F79EFBC}") = "AnimalAndBird", "AnimalAndBird\AnimalAndBird.csproj", "{2DE6BA49-F729-4DB6-993E-3DD61F9E6382}"
EndProject
Project("{FAE04EC0-301F-11D3-BF4B-00C04F79EFBC}") = "VehicleAndCar", "VehicleAndCar\VehicleAndCar.csproj", "{9564BC88-52DD-4D10-AD3E-1156C9290EE9}"
EndProject
Project("{FAE04EC0-301F-11D3-BF4B-00C04F79EFBC}") = "StoreExample", "Store\StoreExample.csproj", "{24168F50-9756-40A1-907E-E773CAB49893}"
EndProject
Project("{FAE04EC0-301F-11D3-BF4B-00C04F79EFBC}") = "Shapes", "Shapes\Shapes.csproj", "{29E579AB-B84D-4CD4-A326-563D02C26586}"
EndProject
Project("{FAE04EC0-301F-11D3-BF4B-00C04F79EFBC}") = "InsurancesDemo", "InsurancesDemo\InsurancesDemo.csproj", "{8EC1BE68-443F-475B-B951-9C5778E45A24}"
EndProject
Global
	GlobalSection(SolutionConfigurationPlatforms) = preSolution
		Debug|Any CPU = Debug|Any CPU
		Release|Any CPU = Release|Any CPU
	EndGlobalSection
	GlobalSection(ProjectConfigurationPlatforms) = postSolution
		{547A8B58-64A5-4D86-B2AA-437E575F54D8}.Debug|Any CPU.ActiveCfg = Debug|Any CPU
		{547A8B58-64A5-4D86-B2AA-437E575F54D8}.Debug|Any CPU.Build.0 = Debug|Any CPU
		{547A8B58-64A5-4D86-B2AA-437E575F54D8}.Release|Any CPU.ActiveCfg = Release|Any CPU
		{547A8B58-64A5-4D86-B2AA-437E575F54D8}.Release|Any CPU.Build.0 = Release|Any CPU
		{690C40C5-6C6F-41F7-AC3C-D800D5C96307}.Debug|Any CPU.ActiveCfg = Debug|Any CPU
		{690C40C5-6C6F-41F7-AC3C-D800D5C96307}.Debug|Any CPU.Build.0 = Debug|Any CPU
		{690C40C5-6C6F-41F7-AC3C-D800D5C96307}.Release|Any CPU.ActiveCfg = Release|Any CPU
		{690C40C5-6C6F-41F7-AC3C-D800D5C96307}.Release|Any CPU.Build.0 = Release|Any CPU
		{2927D5AD-9750-47A6-8FC1-505F870165D7}.Debug|Any CPU.ActiveCfg = Debug|Any CPU
		{2927D5AD-9750-47A6-8FC1-505F870165D7}.Debug|Any CPU.Build.0 = Debug|Any CPU
		{2927D5AD-9750-47A6-8FC1-505F870165D7}.Release|Any CPU.ActiveCfg = Release|Any CPU
		{2927D5AD-9750-47A6-8FC1-505F870165D7}.Release|Any CPU.Build.0 = Release|Any CPU
		{E77504D9-8A85-40F8-B25E-F18A1B37EB79}.Debug|Any CPU.ActiveCfg = Debug|Any CPU
		{E77504D9-8A85-40F8-B25E-F18A1B37EB79}.Debug|Any CPU.Build.0 = Debug|Any CPU
		{E77504D9-8A85-40F8-B25E-F18A1B37EB79}.Release|Any CPU.ActiveCfg = Release|Any CPU
		{E77504D9-8A85-40F8-B25E-F18A1B37EB79}.Release|Any CPU.Build.0 = Release|Any CPU
		{E4651BCE-5825-41EE-B9D8-916109DCC547}.Debug|Any CPU.ActiveCfg = Debug|Any CPU
		{E4651BCE-5825-41EE-B9D8-916109DCC547}.Debug|Any CPU.Build.0 = Debug|Any CPU
		{E4651BCE-5825-41EE-B9D8-916109DCC547}.Release|Any CPU.ActiveCfg = Release|Any CPU
		{E4651BCE-5825-41EE-B9D8-916109DCC547}.Release|Any CPU.Build.0 = Release|Any CPU
		{05DBF4F8-644D-431D-91EA-8F5A73D3B273}.Debug|Any CPU.ActiveCfg = Debug|Any CPU
		{05DBF4F8-644D-431D-91EA-8F5A73D3B273}.Debug|Any CPU.Build.0 = Debug|Any CPU
		{05DBF4F8-644D-431D-91EA-8F5A73D3B273}.Release|Any CPU.ActiveCfg = Release|Any CPU
		{05DBF4F8-644D-431D-91EA-8F5A73D3B273}.Release|Any CPU.Build.0 = Release|Any CPU
		{2DE6BA49-F729-4DB6-993E-3DD61F9E6382}.Debug|Any CPU.ActiveCfg = Debug|Any CPU
		{2DE6BA49-F729-4DB6-993E-3DD61F9E6382}.Debug|Any CPU.Build.0 = Debug|Any CPU
		{2DE6BA49-F729-4DB6-993E-3DD61F9E6382}.Release|Any CPU.ActiveCfg = Release|Any CPU
		{2DE6BA49-F729-4DB6-993E-3DD61F9E6382}.Release|Any CPU.Build.0 = Release|Any CPU
		{9564BC88-52DD-4D10-AD3E-1156C9290EE9}.Debug|Any CPU.ActiveCfg = Debug|Any CPU
		{9564BC88-52DD-4D10-AD3E-1156C9290EE9}.Debug|Any CPU.Build.0 = Debug|Any CPU
		{9564BC88-52DD-4D10-AD3E-1156C9290EE9}.Release|Any CPU.ActiveCfg = Release|Any CPU
		{9564BC88-52DD-4D10-AD3E-1156C9290EE9}.Release|Any CPU.Build.0 = Release|Any CPU
		{24168F50-9756-40A1-907E-E773CAB49893}.Debug|Any CPU.ActiveCfg = Debug|Any CPU
		{24168F50-9756-40A1-907E-E773CAB49893}.Debug|Any CPU.Build.0 = Debug|Any CPU
		{24168F50-9756-40A1-907E-E773CAB49893}.Release|Any CPU.ActiveCfg = Release|Any CPU
		{24168F50-9756-40A1-907E-E773CAB49893}.Release|Any CPU.Build.0 = Release|Any CPU
		{29E579AB-B84D-4CD4-A326-563D02C26586}.Debug|Any CPU.ActiveCfg = Debug|Any CPU
		{29E579AB-B84D-4CD4-A326-563D02C26586}.Debug|Any CPU.Build.0 = Debug|Any CPU
		{29E579AB-B84D-4CD4-A326-563D02C26586}.Release|Any CPU.ActiveCfg = Release|Any CPU
		{29E579AB-B84D-4CD4-A326-563D02C26586}.Release|Any CPU.Build.0 = Release|Any CPU
		{8EC1BE68-443F-475B-B951-9C5778E45A24}.Debug|Any CPU.ActiveCfg = Debug|Any CPU
		{8EC1BE68-443F-475B-B951-9C5778E45A24}.Debug|Any CPU.Build.0 = Debug|Any CPU
		{8EC1BE68-443F-475B-B951-9C5778E45A24}.Release|Any CPU.ActiveCfg = Release|Any CPU
		{8EC1BE68-443F-475B-B951-9C5778E45A24}.Release|Any CPU.Build.0 = Release|Any CPU
	EndGlobalSection
	GlobalSection(SolutionProperties) = preSolution
		HideSolutionNode = FALSE
	EndGlobalSection
	GlobalSection(ExtensibilityGlobals) = postSolution
		SolutionGuid = {808A47EA-DA61-4EC6-87EB-F658D9FD6686}
	EndGlobalSection
EndGlobal
